
Microsoft Visual Studio Solution File, Format Version 12.00
# Visual Studio Version 17
VisualStudioVersion = 17.0.31903.59
MinimumVisualStudioVersion = 10.0.40219.1
Project("{FAE04EC0-301F-11D3-BF4B-00C04F79EFBC}") = "PromptStudio.API", "PromptStudio.API\PromptStudio.API.csproj", "{ED74862F-5B39-4FC6-A3EE-A5059D55873E}"
EndProject
Project("{FAE04EC0-301F-11D3-BF4B-00C04F79EFBC}") = "PromptStudio.Application", "PromptStudio.Application\PromptStudio.Application.csproj", "{9E3B0FCB-9431-4F40-8ADB-7AC30F2700DD}"
EndProject
Project("{FAE04EC0-301F-11D3-BF4B-00C04F79EFBC}") = "PromptStudio.Domain", "PromptStudio.Domain\PromptStudio.Domain.csproj", "{FE9F5359-C776-41E3-9E68-185A3605A96F}"
EndProject
Project("{FAE04EC0-301F-11D3-BF4B-00C04F79EFBC}") = "PromptStudio.Infrastructure", "PromptStudio.Infrastructure\PromptStudio.Infrastructure.csproj", "{08791053-21CA-4C40-8C64-31D0B7C3BE99}"
EndProject
Global
	GlobalSection(SolutionConfigurationPlatforms) = preSolution
		Debug|Any CPU = Debug|Any CPU
		Debug|x64 = Debug|x64
		Debug|x86 = Debug|x86
		Release|Any CPU = Release|Any CPU
		Release|x64 = Release|x64
		Release|x86 = Release|x86
	EndGlobalSection
	GlobalSection(ProjectConfigurationPlatforms) = postSolution
		{ED74862F-5B39-4FC6-A3EE-A5059D55873E}.Debug|Any CPU.ActiveCfg = Debug|Any CPU
		{ED74862F-5B39-4FC6-A3EE-A5059D55873E}.Debug|Any CPU.Build.0 = Debug|Any CPU
		{ED74862F-5B39-4FC6-A3EE-A5059D55873E}.Debug|x64.ActiveCfg = Debug|Any CPU
		{ED74862F-5B39-4FC6-A3EE-A5059D55873E}.Debug|x64.Build.0 = Debug|Any CPU
		{ED74862F-5B39-4FC6-A3EE-A5059D55873E}.Debug|x86.ActiveCfg = Debug|Any CPU
		{ED74862F-5B39-4FC6-A3EE-A5059D55873E}.Debug|x86.Build.0 = Debug|Any CPU
		{ED74862F-5B39-4FC6-A3EE-A5059D55873E}.Release|Any CPU.ActiveCfg = Release|Any CPU
		{ED74862F-5B39-4FC6-A3EE-A5059D55873E}.Release|Any CPU.Build.0 = Release|Any CPU
		{ED74862F-5B39-4FC6-A3EE-A5059D55873E}.Release|x64.ActiveCfg = Release|Any CPU
		{ED74862F-5B39-4FC6-A3EE-A5059D55873E}.Release|x64.Build.0 = Release|Any CPU
		{ED74862F-5B39-4FC6-A3EE-A5059D55873E}.Release|x86.ActiveCfg = Release|Any CPU
		{ED74862F-5B39-4FC6-A3EE-A5059D55873E}.Release|x86.Build.0 = Release|Any CPU
		{9E3B0FCB-9431-4F40-8ADB-7AC30F2700DD}.Debug|Any CPU.ActiveCfg = Debug|Any CPU
		{9E3B0FCB-9431-4F40-8ADB-7AC30F2700DD}.Debug|Any CPU.Build.0 = Debug|Any CPU
		{9E3B0FCB-9431-4F40-8ADB-7AC30F2700DD}.Debug|x64.ActiveCfg = Debug|Any CPU
		{9E3B0FCB-9431-4F40-8ADB-7AC30F2700DD}.Debug|x64.Build.0 = Debug|Any CPU
		{9E3B0FCB-9431-4F40-8ADB-7AC30F2700DD}.Debug|x86.ActiveCfg = Debug|Any CPU
		{9E3B0FCB-9431-4F40-8ADB-7AC30F2700DD}.Debug|x86.Build.0 = Debug|Any CPU
		{9E3B0FCB-9431-4F40-8ADB-7AC30F2700DD}.Release|Any CPU.ActiveCfg = Release|Any CPU
		{9E3B0FCB-9431-4F40-8ADB-7AC30F2700DD}.Release|Any CPU.Build.0 = Release|Any CPU
		{9E3B0FCB-9431-4F40-8ADB-7AC30F2700DD}.Release|x64.ActiveCfg = Release|Any CPU
		{9E3B0FCB-9431-4F40-8ADB-7AC30F2700DD}.Release|x64.Build.0 = Release|Any CPU
		{9E3B0FCB-9431-4F40-8ADB-7AC30F2700DD}.Release|x86.ActiveCfg = Release|Any CPU
		{9E3B0FCB-9431-4F40-8ADB-7AC30F2700DD}.Release|x86.Build.0 = Release|Any CPU
		{FE9F5359-C776-41E3-9E68-185A3605A96F}.Debug|Any CPU.ActiveCfg = Debug|Any CPU
		{FE9F5359-C776-41E3-9E68-185A3605A96F}.Debug|Any CPU.Build.0 = Debug|Any CPU
		{FE9F5359-C776-41E3-9E68-185A3605A96F}.Debug|x64.ActiveCfg = Debug|Any CPU
		{FE9F5359-C776-41E3-9E68-185A3605A96F}.Debug|x64.Build.0 = Debug|Any CPU
		{FE9F5359-C776-41E3-9E68-185A3605A96F}.Debug|x86.ActiveCfg = Debug|Any CPU
		{FE9F5359-C776-41E3-9E68-185A3605A96F}.Debug|x86.Build.0 = Debug|Any CPU
		{FE9F5359-C776-41E3-9E68-185A3605A96F}.Release|Any CPU.ActiveCfg = Release|Any CPU
		{FE9F5359-C776-41E3-9E68-185A3605A96F}.Release|Any CPU.Build.0 = Release|Any CPU
		{FE9F5359-C776-41E3-9E68-185A3605A96F}.Release|x64.ActiveCfg = Release|Any CPU
		{FE9F5359-C776-41E3-9E68-185A3605A96F}.Release|x64.Build.0 = Release|Any CPU
		{FE9F5359-C776-41E3-9E68-185A3605A96F}.Release|x86.ActiveCfg = Release|Any CPU
		{FE9F5359-C776-41E3-9E68-185A3605A96F}.Release|x86.Build.0 = Release|Any CPU
		{08791053-21CA-4C40-8C64-31D0B7C3BE99}.Debug|Any CPU.ActiveCfg = Debug|Any CPU
		{08791053-21CA-4C40-8C64-31D0B7C3BE99}.Debug|Any CPU.Build.0 = Debug|Any CPU
		{08791053-21CA-4C40-8C64-31D0B7C3BE99}.Debug|x64.ActiveCfg = Debug|Any CPU
		{08791053-21CA-4C40-8C64-31D0B7C3BE99}.Debug|x64.Build.0 = Debug|Any CPU
		{08791053-21CA-4C40-8C64-31D0B7C3BE99}.Debug|x86.ActiveCfg = Debug|Any CPU
		{08791053-21CA-4C40-8C64-31D0B7C3BE99}.Debug|x86.Build.0 = Debug|Any CPU
		{08791053-21CA-4C40-8C64-31D0B7C3BE99}.Release|Any CPU.ActiveCfg = Release|Any CPU
		{08791053-21CA-4C40-8C64-31D0B7C3BE99}.Release|Any CPU.Build.0 = Release|Any CPU
		{08791053-21CA-4C40-8C64-31D0B7C3BE99}.Release|x64.ActiveCfg = Release|Any CPU
		{08791053-21CA-4C40-8C64-31D0B7C3BE99}.Release|x64.Build.0 = Release|Any CPU
		{08791053-21CA-4C40-8C64-31D0B7C3BE99}.Release|x86.ActiveCfg = Release|Any CPU
		{08791053-21CA-4C40-8C64-31D0B7C3BE99}.Release|x86.Build.0 = Release|Any CPU
	EndGlobalSection
	GlobalSection(SolutionProperties) = preSolution
		HideSolutionNode = FALSE
	EndGlobalSection
EndGlobal
